
Microsoft Visual Studio Solution File, Format Version 12.00
# Visual Studio Version 17
VisualStudioVersion = 17.13.35931.197 d17.13
MinimumVisualStudioVersion = 10.0.40219.1
Project("{FAE04EC0-301F-11D3-BF4B-00C04F79EFBC}") = "Loops5", "Loops5\Loops5.csproj", "{4032F93A-2B51-4486-94C2-31E33C6E1B7F}"
EndProject
Global
	GlobalSection(SolutionConfigurationPlatforms) = preSolution
		Debug|Any CPU = Debug|Any CPU
		Release|Any CPU = Release|Any CPU
	EndGlobalSection
	GlobalSection(ProjectConfigurationPlatforms) = postSolution
		{4032F93A-2B51-4486-94C2-31E33C6E1B7F}.Debug|Any CPU.ActiveCfg = Debug|Any CPU
		{4032F93A-2B51-4486-94C2-31E33C6E1B7F}.Debug|Any CPU.Build.0 = Debug|Any CPU
		{4032F93A-2B51-4486-94C2-31E33C6E1B7F}.Release|Any CPU.ActiveCfg = Release|Any CPU
		{4032F93A-2B51-4486-94C2-31E33C6E1B7F}.Release|Any CPU.Build.0 = Release|Any CPU
	EndGlobalSection
	GlobalSection(SolutionProperties) = preSolution
		HideSolutionNode = FALSE
	EndGlobalSection
	GlobalSection(ExtensibilityGlobals) = postSolution
		SolutionGuid = {8669683B-584B-43E7-A3CF-3C1F593BBAAE}
	EndGlobalSection
EndGlobal
